
Microsoft Visual Studio Solution File, Format Version 12.00
# Visual Studio Version 17
VisualStudioVersion = 17.2.32516.85
MinimumVisualStudioVersion = 10.0.40219.1
Project("{FAE04EC0-301F-11D3-BF4B-00C04F79EFBC}") = "SSN Validator", "SSN Validator\SSN Validator.csproj", "{F8A3BA44-43D9-4197-8E3D-1DA37EA12BD3}"
EndProject
Global
	GlobalSection(SolutionConfigurationPlatforms) = preSolution
		Debug|Any CPU = Debug|Any CPU
		Release|Any CPU = Release|Any CPU
	EndGlobalSection
	GlobalSection(ProjectConfigurationPlatforms) = postSolution
		{F8A3BA44-43D9-4197-8E3D-1DA37EA12BD3}.Debug|Any CPU.ActiveCfg = Debug|Any CPU
		{F8A3BA44-43D9-4197-8E3D-1DA37EA12BD3}.Debug|Any CPU.Build.0 = Debug|Any CPU
		{F8A3BA44-43D9-4197-8E3D-1DA37EA12BD3}.Release|Any CPU.ActiveCfg = Release|Any CPU
		{F8A3BA44-43D9-4197-8E3D-1DA37EA12BD3}.Release|Any CPU.Build.0 = Release|Any CPU
	EndGlobalSection
	GlobalSection(SolutionProperties) = preSolution
		HideSolutionNode = FALSE
	EndGlobalSection
	GlobalSection(ExtensibilityGlobals) = postSolution
		SolutionGuid = {4AD183AC-03F6-4D1A-934F-C6FC94DC17A9}
	EndGlobalSection
EndGlobal
